
Microsoft Visual Studio Solution File, Format Version 12.00
# Visual Studio Version 16
VisualStudioVersion = 16.0.31402.337
MinimumVisualStudioVersion = 10.0.40219.1
Project("{9092AA53-FB77-4645-B42D-1CCCA6BD08BD}") = "DiploBot", "DiploBot\DiploBot.njsproj", "{7A94B679-D17F-47AE-9890-A900A2842D7A}"
EndProject
Global
	GlobalSection(SolutionConfigurationPlatforms) = preSolution
		Debug|Any CPU = Debug|Any CPU
		Release|Any CPU = Release|Any CPU
	EndGlobalSection
	GlobalSection(ProjectConfigurationPlatforms) = postSolution
		{7A94B679-D17F-47AE-9890-A900A2842D7A}.Debug|Any CPU.ActiveCfg = Debug|Any CPU
		{7A94B679-D17F-47AE-9890-A900A2842D7A}.Debug|Any CPU.Build.0 = Debug|Any CPU
		{7A94B679-D17F-47AE-9890-A900A2842D7A}.Release|Any CPU.ActiveCfg = Release|Any CPU
		{7A94B679-D17F-47AE-9890-A900A2842D7A}.Release|Any CPU.Build.0 = Release|Any CPU
	EndGlobalSection
	GlobalSection(SolutionProperties) = preSolution
		HideSolutionNode = FALSE
	EndGlobalSection
	GlobalSection(ExtensibilityGlobals) = postSolution
		SolutionGuid = {2CF4EB34-04B6-462E-9DAD-0305931942A7}
	EndGlobalSection
EndGlobal
